
Microsoft Visual Studio Solution File, Format Version 12.00
# Visual Studio Version 16
VisualStudioVersion = 16.0.31005.135
MinimumVisualStudioVersion = 10.0.40219.1
Project("{FAE04EC0-301F-11D3-BF4B-00C04F79EFBC}") = "SignalRProjectUI", "SignalRProjectUI\SignalRProjectUI.csproj", "{F263EA92-4478-462C-9835-A84B9F44C1E3}"
EndProject
Global
	GlobalSection(SolutionConfigurationPlatforms) = preSolution
		Debug|Any CPU = Debug|Any CPU
		Release|Any CPU = Release|Any CPU
	EndGlobalSection
	GlobalSection(ProjectConfigurationPlatforms) = postSolution
		{F263EA92-4478-462C-9835-A84B9F44C1E3}.Debug|Any CPU.ActiveCfg = Debug|Any CPU
		{F263EA92-4478-462C-9835-A84B9F44C1E3}.Debug|Any CPU.Build.0 = Debug|Any CPU
		{F263EA92-4478-462C-9835-A84B9F44C1E3}.Release|Any CPU.ActiveCfg = Release|Any CPU
		{F263EA92-4478-462C-9835-A84B9F44C1E3}.Release|Any CPU.Build.0 = Release|Any CPU
	EndGlobalSection
	GlobalSection(SolutionProperties) = preSolution
		HideSolutionNode = FALSE
	EndGlobalSection
	GlobalSection(ExtensibilityGlobals) = postSolution
		SolutionGuid = {136D36CC-F4AF-45DB-ABC2-D35BB1FB2DF6}
	EndGlobalSection
EndGlobal
